
Microsoft Visual Studio Solution File, Format Version 12.00
Project("{FAE04EC0-301F-11D3-BF4B-00C04F79EFBC}") = "Library", "Library.csproj", "{269FF176-5E21-4395-94F5-610E479CCD6B}"
EndProject
Global
	GlobalSection(SolutionConfigurationPlatforms) = preSolution
		Debug|Any CPU = Debug|Any CPU
		Release|Any CPU = Release|Any CPU
	EndGlobalSection
	GlobalSection(ProjectConfigurationPlatforms) = postSolution
		{269FF176-5E21-4395-94F5-610E479CCD6B}.Debug|Any CPU.ActiveCfg = Debug|Any CPU
		{269FF176-5E21-4395-94F5-610E479CCD6B}.Debug|Any CPU.Build.0 = Debug|Any CPU
		{269FF176-5E21-4395-94F5-610E479CCD6B}.Release|Any CPU.ActiveCfg = Release|Any CPU
		{269FF176-5E21-4395-94F5-610E479CCD6B}.Release|Any CPU.Build.0 = Release|Any CPU
	EndGlobalSection
EndGlobal
